
Microsoft Visual Studio Solution File, Format Version 12.00
# Visual Studio 15
VisualStudioVersion = 15.0.28010.2016
MinimumVisualStudioVersion = 10.0.40219.1
Project("{9A19103F-16F7-4668-BE54-9A1E7A4F7556}") = "WebAPIForDocker", "WebAPIForDocker\WebAPIForDocker.csproj", "{839D81F1-9EF3-49DD-B06D-58AB160BA3A7}"
EndProject
Project("{9A19103F-16F7-4668-BE54-9A1E7A4F7556}") = "ThirdPartOrderProcess", "ThirdPartOrderProcess\ThirdPartOrderProcess.csproj", "{7D34950F-453D-458E-887B-EDC12F96FBD5}"
EndProject
Global
	GlobalSection(SolutionConfigurationPlatforms) = preSolution
		Debug|Any CPU = Debug|Any CPU
		Release|Any CPU = Release|Any CPU
	EndGlobalSection
	GlobalSection(ProjectConfigurationPlatforms) = postSolution
		{839D81F1-9EF3-49DD-B06D-58AB160BA3A7}.Debug|Any CPU.ActiveCfg = Debug|Any CPU
		{839D81F1-9EF3-49DD-B06D-58AB160BA3A7}.Debug|Any CPU.Build.0 = Debug|Any CPU
		{839D81F1-9EF3-49DD-B06D-58AB160BA3A7}.Release|Any CPU.ActiveCfg = Release|Any CPU
		{839D81F1-9EF3-49DD-B06D-58AB160BA3A7}.Release|Any CPU.Build.0 = Release|Any CPU
		{7D34950F-453D-458E-887B-EDC12F96FBD5}.Debug|Any CPU.ActiveCfg = Debug|Any CPU
		{7D34950F-453D-458E-887B-EDC12F96FBD5}.Debug|Any CPU.Build.0 = Debug|Any CPU
		{7D34950F-453D-458E-887B-EDC12F96FBD5}.Release|Any CPU.ActiveCfg = Release|Any CPU
		{7D34950F-453D-458E-887B-EDC12F96FBD5}.Release|Any CPU.Build.0 = Release|Any CPU
	EndGlobalSection
	GlobalSection(SolutionProperties) = preSolution
		HideSolutionNode = FALSE
	EndGlobalSection
	GlobalSection(ExtensibilityGlobals) = postSolution
		SolutionGuid = {4B2AB541-0B3A-4D38-9E48-AE2C62B798F2}
	EndGlobalSection
EndGlobal
